
Microsoft Visual Studio Solution File, Format Version 12.00
# Visual Studio Version 17
VisualStudioVersion = 17.7.34031.279
MinimumVisualStudioVersion = 10.0.40219.1
Project("{8BC9CEB8-8B4A-11D0-8D11-00A0C91BC942}") = "CA2_DataStructuresAndAlgos_GracieChaudhary", "CA2_DataStructuresAndAlgos_GracieChaudhary.vcxproj", "{ABAAD426-95E3-4CDD-9113-8319EBADD140}"
EndProject
Global
	GlobalSection(SolutionConfigurationPlatforms) = preSolution
		Debug|x64 = Debug|x64
		Debug|x86 = Debug|x86
		Release|x64 = Release|x64
		Release|x86 = Release|x86
	EndGlobalSection
	GlobalSection(ProjectConfigurationPlatforms) = postSolution
		{ABAAD426-95E3-4CDD-9113-8319EBADD140}.Debug|x64.ActiveCfg = Debug|x64
		{ABAAD426-95E3-4CDD-9113-8319EBADD140}.Debug|x64.Build.0 = Debug|x64
		{ABAAD426-95E3-4CDD-9113-8319EBADD140}.Debug|x86.ActiveCfg = Debug|Win32
		{ABAAD426-95E3-4CDD-9113-8319EBADD140}.Debug|x86.Build.0 = Debug|Win32
		{ABAAD426-95E3-4CDD-9113-8319EBADD140}.Release|x64.ActiveCfg = Release|x64
		{ABAAD426-95E3-4CDD-9113-8319EBADD140}.Release|x64.Build.0 = Release|x64
		{ABAAD426-95E3-4CDD-9113-8319EBADD140}.Release|x86.ActiveCfg = Release|Win32
		{ABAAD426-95E3-4CDD-9113-8319EBADD140}.Release|x86.Build.0 = Release|Win32
	EndGlobalSection
	GlobalSection(SolutionProperties) = preSolution
		HideSolutionNode = FALSE
	EndGlobalSection
	GlobalSection(ExtensibilityGlobals) = postSolution
		SolutionGuid = {74F95916-B622-45E8-8E27-267814FF28B9}
	EndGlobalSection
EndGlobal
